// !$*UTF8*$!
{
	archiveVersion = 1;
	classes = {
	};
	objectVersion = 46;
	objects = {

/* Begin PBXBuildFile section */
		FA63A5771F4A45D1007C8FE6 /* Localizable.strings in Resources */ = {isa = PBXBuildFile; fileRef = FA63A5791F4A45D1007C8FE6 /* Localizable.strings */; };
		FA6694181F4102DB0090006F /* AppDelegate.swift in Sources */ = {isa = PBXBuildFile; fileRef = FA6694171F4102DB0090006F /* AppDelegate.swift */; };
		FA66941A1F4102DB0090006F /* ViewController.swift in Sources */ = {isa = PBXBuildFile; fileRef = FA6694191F4102DB0090006F /* ViewController.swift */; };
		FA66941F1F4102DB0090006F /* Assets.xcassets in Resources */ = {isa = PBXBuildFile; fileRef = FA66941E1F4102DB0090006F /* Assets.xcassets */; };
		FA6694221F4102DB0090006F /* LaunchScreen.storyboard in Resources */ = {isa = PBXBuildFile; fileRef = FA6694201F4102DB0090006F /* LaunchScreen.storyboard */; };
		FA66942D1F4102DB0090006F /* ExampleTests.swift in Sources */ = {isa = PBXBuildFile; fileRef = FA66942C1F4102DB0090006F /* ExampleTests.swift */; };
		FA6694381F4102DB0090006F /* ExampleUITests.swift in Sources */ = {isa = PBXBuildFile; fileRef = FA6694371F4102DB0090006F /* ExampleUITests.swift */; };
		FAFF507C1F413C85002BFEBD /* Main.storyboard in Resources */ = {isa = PBXBuildFile; fileRef = FAFF507B1F413C85002BFEBD /* Main.storyboard */; };
/* End PBXBuildFile section */

/* Begin PBXContainerItemProxy section */
		FA6694521F4137490090006F /* PBXContainerItemProxy */ = {
			isa = PBXContainerItemProxy;
			containerPortal = FA66940C1F4102DB0090006F /* Project object */;
			proxyType = 1;
			remoteGlobalIDString = FA6694131F4102DB0090006F;
			remoteInfo = "{{cookiecutter.project_name}}";
		};
		FA6694541F4137590090006F /* PBXContainerItemProxy */ = {
			isa = PBXContainerItemProxy;
			containerPortal = FA66940C1F4102DB0090006F /* Project object */;
			proxyType = 1;
			remoteGlobalIDString = FA6694131F4102DB0090006F;
			remoteInfo = "{{cookiecutter.project_name}}";
		};
/* End PBXContainerItemProxy section */

/* Begin PBXFileReference section */
		FA63A5781F4A45D1007C8FE6 /* en */ = {isa = PBXFileReference; lastKnownFileType = text.plist.strings; name = en; path = en.lproj/Localizable.strings; sourceTree = "<group>"; };
		FA6694141F4102DB0090006F /* {{cookiecutter.project_name}}.app */ = {isa = PBXFileReference; explicitFileType = wrapper.application; includeInIndex = 0; path = "{{cookiecutter.project_name}}.app"; sourceTree = BUILT_PRODUCTS_DIR; };
		FA6694171F4102DB0090006F /* AppDelegate.swift */ = {isa = PBXFileReference; lastKnownFileType = sourcecode.swift; path = AppDelegate.swift; sourceTree = "<group>"; };
		FA6694191F4102DB0090006F /* ViewController.swift */ = {isa = PBXFileReference; lastKnownFileType = sourcecode.swift; path = ViewController.swift; sourceTree = "<group>"; };
		FA66941E1F4102DB0090006F /* Assets.xcassets */ = {isa = PBXFileReference; lastKnownFileType = folder.assetcatalog; path = Assets.xcassets; sourceTree = "<group>"; };
		FA6694211F4102DB0090006F /* Base */ = {isa = PBXFileReference; lastKnownFileType = file.storyboard; name = Base; path = Base.lproj/LaunchScreen.storyboard; sourceTree = "<group>"; };
		FA6694231F4102DB0090006F /* Info.plist */ = {isa = PBXFileReference; lastKnownFileType = text.plist.xml; path = Info.plist; sourceTree = "<group>"; };
		FA6694281F4102DB0090006F /* {{cookiecutter.project_name}}Tests.xctest */ = {isa = PBXFileReference; explicitFileType = wrapper.cfbundle; includeInIndex = 0; path = "{{cookiecutter.project_name}}Tests.xctest"; sourceTree = BUILT_PRODUCTS_DIR; };
		FA66942C1F4102DB0090006F /* ExampleTests.swift */ = {isa = PBXFileReference; lastKnownFileType = sourcecode.swift; path = ExampleTests.swift; sourceTree = "<group>"; };
		FA66942E1F4102DB0090006F /* Info.plist */ = {isa = PBXFileReference; lastKnownFileType = text.plist.xml; path = Info.plist; sourceTree = "<group>"; };
		FA6694331F4102DB0090006F /* {{cookiecutter.project_name}}UITests.xctest */ = {isa = PBXFileReference; explicitFileType = wrapper.cfbundle; includeInIndex = 0; path = "{{cookiecutter.project_name}}UITests.xctest"; sourceTree = BUILT_PRODUCTS_DIR; };
		FA6694371F4102DB0090006F /* ExampleUITests.swift */ = {isa = PBXFileReference; lastKnownFileType = sourcecode.swift; path = ExampleUITests.swift; sourceTree = "<group>"; };
		FA6694391F4102DB0090006F /* Info.plist */ = {isa = PBXFileReference; lastKnownFileType = text.plist.xml; path = Info.plist; sourceTree = "<group>"; };
		FAFF507B1F413C85002BFEBD /* Main.storyboard */ = {isa = PBXFileReference; fileEncoding = 4; lastKnownFileType = file.storyboard; path = Main.storyboard; sourceTree = "<group>"; };
/* End PBXFileReference section */

/* Begin PBXFrameworksBuildPhase section */
		FA6694111F4102DB0090006F /* Frameworks */ = {
			isa = PBXFrameworksBuildPhase;
			buildActionMask = 2147483647;
			files = (
			);
			runOnlyForDeploymentPostprocessing = 0;
		};
		FA6694251F4102DB0090006F /* Frameworks */ = {
			isa = PBXFrameworksBuildPhase;
			buildActionMask = 2147483647;
			files = (
			);
			runOnlyForDeploymentPostprocessing = 0;
		};
		FA6694301F4102DB0090006F /* Frameworks */ = {
			isa = PBXFrameworksBuildPhase;
			buildActionMask = 2147483647;
			files = (
			);
			runOnlyForDeploymentPostprocessing = 0;
		};
/* End PBXFrameworksBuildPhase section */

/* Begin PBXGroup section */
		DBF768D22334E2688A8FAEDE /* Frameworks */ = {
			isa = PBXGroup;
			children = (
			);
			name = Frameworks;
			sourceTree = "<group>";
		};
		FA66940B1F4102DB0090006F = {
			isa = PBXGroup;
			children = (
				FA63A5791F4A45D1007C8FE6 /* Localizable.strings */,
				FA6694231F4102DB0090006F /* Info.plist */,
				FA66941E1F4102DB0090006F /* Assets.xcassets */,
				FA6694161F4102DB0090006F /* Source */,
				FA6694471F4105110090006F /* Storyboards */,
				FA66942B1F4102DB0090006F /* Tests */,
				FA6694361F4102DB0090006F /* UITests */,
				FA6694151F4102DB0090006F /* Products */,
				DBF768D22334E2688A8FAEDE /* Frameworks */,
			);
			sourceTree = "<group>";
		};
		FA6694151F4102DB0090006F /* Products */ = {
			isa = PBXGroup;
			children = (
				FA6694141F4102DB0090006F /* {{cookiecutter.project_name}}.app */,
				FA6694281F4102DB0090006F /* {{cookiecutter.project_name}}Tests.xctest */,
				FA6694331F4102DB0090006F /* {{cookiecutter.project_name}}UITests.xctest */,
			);
			name = Products;
			sourceTree = "<group>";
		};
		FA6694161F4102DB0090006F /* Source */ = {
			isa = PBXGroup;
			children = (
				FA6694501F4123920090006F /* Main */,
				FA66944D1F41237A0090006F /* View */,
				FA66944E1F4123820090006F /* ViewModel */,
				FA66944F1F4123890090006F /* Model */,
				FA6694511F4123A20090006F /* Resource */,
			);
			path = Source;
			sourceTree = "<group>";
		};
		FA66942B1F4102DB0090006F /* Tests */ = {
			isa = PBXGroup;
			children = (
				FA6694461F41048C0090006F /* Source */,
				FA66942E1F4102DB0090006F /* Info.plist */,
			);
			path = Tests;
			sourceTree = "<group>";
		};
		FA6694361F4102DB0090006F /* UITests */ = {
			isa = PBXGroup;
			children = (
				FA6694451F4104850090006F /* Source */,
				FA6694391F4102DB0090006F /* Info.plist */,
			);
			path = UITests;
			sourceTree = "<group>";
		};
		FA6694451F4104850090006F /* Source */ = {
			isa = PBXGroup;
			children = (
				FA6694371F4102DB0090006F /* ExampleUITests.swift */,
			);
			path = Source;
			sourceTree = "<group>";
		};
		FA6694461F41048C0090006F /* Source */ = {
			isa = PBXGroup;
			children = (
				FA66942C1F4102DB0090006F /* ExampleTests.swift */,
			);
			path = Source;
			sourceTree = "<group>";
		};
		FA6694471F4105110090006F /* Storyboards */ = {
			isa = PBXGroup;
			children = (
				FAFF507B1F413C85002BFEBD /* Main.storyboard */,
				FA6694201F4102DB0090006F /* LaunchScreen.storyboard */,
			);
			path = Storyboards;
			sourceTree = "<group>";
		};
		FA66944D1F41237A0090006F /* View */ = {
			isa = PBXGroup;
			children = (
				FA6694191F4102DB0090006F /* ViewController.swift */,
			);
			name = View;
			sourceTree = "<group>";
		};
		FA66944E1F4123820090006F /* ViewModel */ = {
			isa = PBXGroup;
			children = (
			);
			name = ViewModel;
			sourceTree = "<group>";
		};
		FA66944F1F4123890090006F /* Model */ = {
			isa = PBXGroup;
			children = (
			);
			name = Model;
			sourceTree = "<group>";
		};
		FA6694501F4123920090006F /* Main */ = {
			isa = PBXGroup;
			children = (
				FA6694171F4102DB0090006F /* AppDelegate.swift */,
			);
			name = Main;
			sourceTree = "<group>";
		};
		FA6694511F4123A20090006F /* Resource */ = {
			isa = PBXGroup;
			children = (
			);
			name = Resource;
			sourceTree = "<group>";
		};
/* End PBXGroup section */

/* Begin PBXNativeTarget section */
		FA6694131F4102DB0090006F /* {{cookiecutter.project_name}} */ = {
			isa = PBXNativeTarget;
			buildConfigurationList = FA66943C1F4102DB0090006F /* Build configuration list for PBXNativeTarget "{{cookiecutter.project_name}}" */;
			buildPhases = (
				FA6694481F4107B90090006F /* R.swift */,
				FA6694101F4102DB0090006F /* Sources */,
				FA6694111F4102DB0090006F /* Frameworks */,
				FA6694121F4102DB0090006F /* Resources */,
				FA6694491F41086D0090006F /* SwiftLint */,
				FA66944A1F4108AD0090006F /* Fabric */,
			);
			buildRules = (
			);
			dependencies = (
			);
			name = "{{cookiecutter.project_name}}";
			productName = StartProject;
			productReference = FA6694141F4102DB0090006F /* {{cookiecutter.project_name}}.app */;
			productType = "com.apple.product-type.application";
		};
		FA6694271F4102DB0090006F /* {{cookiecutter.project_name}}Tests */ = {
			isa = PBXNativeTarget;
			buildConfigurationList = FA66943F1F4102DB0090006F /* Build configuration list for PBXNativeTarget "{{cookiecutter.project_name}}Tests" */;
			buildPhases = (
				FA6694241F4102DB0090006F /* Sources */,
				FA6694251F4102DB0090006F /* Frameworks */,
				FA6694261F4102DB0090006F /* Resources */,
			);
			buildRules = (
			);
			dependencies = (
				FA6694531F4137490090006F /* PBXTargetDependency */,
			);
			name = "{{cookiecutter.project_name}}Tests";
			productName = StartProjectTests;
			productReference = FA6694281F4102DB0090006F /* {{cookiecutter.project_name}}Tests.xctest */;
			productType = "com.apple.product-type.bundle.unit-test";
		};
		FA6694321F4102DB0090006F /* {{cookiecutter.project_name}}UITests */ = {
			isa = PBXNativeTarget;
			buildConfigurationList = FA6694421F4102DB0090006F /* Build configuration list for PBXNativeTarget "{{cookiecutter.project_name}}UITests" */;
			buildPhases = (
				FA66942F1F4102DB0090006F /* Sources */,
				FA6694301F4102DB0090006F /* Frameworks */,
				FA6694311F4102DB0090006F /* Resources */,
			);
			buildRules = (
			);
			dependencies = (
				FA6694551F4137590090006F /* PBXTargetDependency */,
			);
			name = "{{cookiecutter.project_name}}UITests";
			productName = StartProjectUITests;
			productReference = FA6694331F4102DB0090006F /* {{cookiecutter.project_name}}UITests.xctest */;
			productType = "com.apple.product-type.bundle.ui-testing";
		};
/* End PBXNativeTarget section */

/* Begin PBXProject section */
		FA66940C1F4102DB0090006F /* Project object */ = {
			isa = PBXProject;
			attributes = {
				LastSwiftUpdateCheck = 0830;
				LastUpgradeCheck = 0900;
				ORGANIZATIONNAME = "Atomic Robot";
				TargetAttributes = {
					FA6694131F4102DB0090006F = {
						CreatedOnToolsVersion = 8.3.3;
						ProvisioningStyle = Automatic;
					};
					FA6694271F4102DB0090006F = {
						CreatedOnToolsVersion = 8.3.3;
						ProvisioningStyle = Automatic;
						TestTargetID = FA6694131F4102DB0090006F;
					};
					FA6694321F4102DB0090006F = {
						CreatedOnToolsVersion = 8.3.3;
						ProvisioningStyle = Automatic;
						TestTargetID = FA6694131F4102DB0090006F;
					};
				};
			};
			buildConfigurationList = FA66940F1F4102DB0090006F /* Build configuration list for PBXProject "{{cookiecutter.project_name}}" */;
			compatibilityVersion = "Xcode 3.2";
			developmentRegion = English;
			hasScannedForEncodings = 0;
			knownRegions = (
				en,
				Base,
			);
			mainGroup = FA66940B1F4102DB0090006F;
			productRefGroup = FA6694151F4102DB0090006F /* Products */;
			projectDirPath = "";
			projectRoot = "";
			targets = (
				FA6694131F4102DB0090006F /* {{cookiecutter.project_name}} */,
				FA6694271F4102DB0090006F /* {{cookiecutter.project_name}}Tests */,
				FA6694321F4102DB0090006F /* {{cookiecutter.project_name}}UITests */,
			);
		};
/* End PBXProject section */

/* Begin PBXResourcesBuildPhase section */
		FA6694121F4102DB0090006F /* Resources */ = {
			isa = PBXResourcesBuildPhase;
			buildActionMask = 2147483647;
			files = (
				FA6694221F4102DB0090006F /* LaunchScreen.storyboard in Resources */,
				FA63A5771F4A45D1007C8FE6 /* Localizable.strings in Resources */,
				FA66941F1F4102DB0090006F /* Assets.xcassets in Resources */,
				FAFF507C1F413C85002BFEBD /* Main.storyboard in Resources */,
			);
			runOnlyForDeploymentPostprocessing = 0;
		};
		FA6694261F4102DB0090006F /* Resources */ = {
			isa = PBXResourcesBuildPhase;
			buildActionMask = 2147483647;
			files = (
			);
			runOnlyForDeploymentPostprocessing = 0;
		};
		FA6694311F4102DB0090006F /* Resources */ = {
			isa = PBXResourcesBuildPhase;
			buildActionMask = 2147483647;
			files = (
			);
			runOnlyForDeploymentPostprocessing = 0;
		};
/* End PBXResourcesBuildPhase section */

/* Begin PBXShellScriptBuildPhase section */
		FA6694481F4107B90090006F /* R.swift */ = {
			isa = PBXShellScriptBuildPhase;
			buildActionMask = 2147483647;
			files = (
			);
			inputPaths = (
			);
			name = R.swift;
			outputPaths = (
			);
			runOnlyForDeploymentPostprocessing = 0;
			shellPath = /bin/sh;
			shellScript = "\"$PODS_ROOT/R.swift/rswift\" \"$SRCROOT/Source\"";
		};
		FA6694491F41086D0090006F /* SwiftLint */ = {
			isa = PBXShellScriptBuildPhase;
			buildActionMask = 2147483647;
			files = (
			);
			inputPaths = (
			);
			name = SwiftLint;
			outputPaths = (
			);
			runOnlyForDeploymentPostprocessing = 0;
			shellPath = /bin/sh;
			shellScript = "\"${PODS_ROOT}/SwiftLint/swiftlint\"";
		};
		FA66944A1F4108AD0090006F /* Fabric */ = {
			isa = PBXShellScriptBuildPhase;
			buildActionMask = 2147483647;
			files = (
			);
			inputPaths = (
			);
			name = Fabric;
			outputPaths = (
			);
			runOnlyForDeploymentPostprocessing = 0;
			shellPath = /bin/sh;
			shellScript = "# Uncomment the line below and update the FABRIC_API_KEY\n# and FABRIC_BUILD_SECRET below and uncomment\n\n# \"${PODS_ROOT}/Fabric/run\" {{cookiecutter.fabric_api_key}} {{cookiecutter.fabric_build_secret}}";
		};
/* End PBXShellScriptBuildPhase section */

/* Begin PBXSourcesBuildPhase section */
		FA6694101F4102DB0090006F /* Sources */ = {
			isa = PBXSourcesBuildPhase;
			buildActionMask = 2147483647;
			files = (
				FA66941A1F4102DB0090006F /* ViewController.swift in Sources */,
				FA6694181F4102DB0090006F /* AppDelegate.swift in Sources */,
			);
			runOnlyForDeploymentPostprocessing = 0;
		};
		FA6694241F4102DB0090006F /* Sources */ = {
			isa = PBXSourcesBuildPhase;
			buildActionMask = 2147483647;
			files = (
				FA66942D1F4102DB0090006F /* ExampleTests.swift in Sources */,
			);
			runOnlyForDeploymentPostprocessing = 0;
		};
		FA66942F1F4102DB0090006F /* Sources */ = {
			isa = PBXSourcesBuildPhase;
			buildActionMask = 2147483647;
			files = (
				FA6694381F4102DB0090006F /* ExampleUITests.swift in Sources */,
			);
			runOnlyForDeploymentPostprocessing = 0;
		};
/* End PBXSourcesBuildPhase section */

/* Begin PBXTargetDependency section */
		FA6694531F4137490090006F /* PBXTargetDependency */ = {
			isa = PBXTargetDependency;
			target = FA6694131F4102DB0090006F /* {{cookiecutter.project_name}} */;
			targetProxy = FA6694521F4137490090006F /* PBXContainerItemProxy */;
		};
		FA6694551F4137590090006F /* PBXTargetDependency */ = {
			isa = PBXTargetDependency;
			target = FA6694131F4102DB0090006F /* {{cookiecutter.project_name}} */;
			targetProxy = FA6694541F4137590090006F /* PBXContainerItemProxy */;
		};
/* End PBXTargetDependency section */

/* Begin PBXVariantGroup section */
		FA63A5791F4A45D1007C8FE6 /* Localizable.strings */ = {
			isa = PBXVariantGroup;
			children = (
				FA63A5781F4A45D1007C8FE6 /* en */,
			);
			name = Localizable.strings;
			sourceTree = "<group>";
		};
		FA6694201F4102DB0090006F /* LaunchScreen.storyboard */ = {
			isa = PBXVariantGroup;
			children = (
				FA6694211F4102DB0090006F /* Base */,
			);
			name = LaunchScreen.storyboard;
			sourceTree = "<group>";
		};
/* End PBXVariantGroup section */

/* Begin XCBuildConfiguration section */
		FA66943A1F4102DB0090006F /* Debug */ = {
			isa = XCBuildConfiguration;
			buildSettings = {
				ALWAYS_SEARCH_USER_PATHS = NO;
				CLANG_ANALYZER_NONNULL = YES;
				CLANG_ANALYZER_NUMBER_OBJECT_CONVERSION = YES_AGGRESSIVE;
				CLANG_CXX_LANGUAGE_STANDARD = "gnu++0x";
				CLANG_CXX_LIBRARY = "libc++";
				CLANG_ENABLE_MODULES = YES;
				CLANG_ENABLE_OBJC_ARC = YES;
				CLANG_WARN_BLOCK_CAPTURE_AUTORELEASING = YES;
				CLANG_WARN_BOOL_CONVERSION = YES;
				CLANG_WARN_COMMA = YES;
				CLANG_WARN_CONSTANT_CONVERSION = YES;
				CLANG_WARN_DIRECT_OBJC_ISA_USAGE = YES_ERROR;
				CLANG_WARN_DOCUMENTATION_COMMENTS = YES;
				CLANG_WARN_EMPTY_BODY = YES;
				CLANG_WARN_ENUM_CONVERSION = YES;
				CLANG_WARN_INFINITE_RECURSION = YES;
				CLANG_WARN_INT_CONVERSION = YES;
				CLANG_WARN_NON_LITERAL_NULL_CONVERSION = YES;
				CLANG_WARN_OBJC_LITERAL_CONVERSION = YES;
				CLANG_WARN_OBJC_ROOT_CLASS = YES_ERROR;
				CLANG_WARN_RANGE_LOOP_ANALYSIS = YES;
				CLANG_WARN_STRICT_PROTOTYPES = YES;
				CLANG_WARN_SUSPICIOUS_MOVE = YES;
				CLANG_WARN_UNREACHABLE_CODE = YES;
				CLANG_WARN__DUPLICATE_METHOD_MATCH = YES;
				"CODE_SIGN_IDENTITY[sdk=iphoneos*]" = "iPhone Developer";
				COPY_PHASE_STRIP = NO;
				DEBUG_INFORMATION_FORMAT = dwarf;
				ENABLE_STRICT_OBJC_MSGSEND = YES;
				ENABLE_TESTABILITY = YES;
				GCC_C_LANGUAGE_STANDARD = gnu99;
				GCC_DYNAMIC_NO_PIC = NO;
				GCC_NO_COMMON_BLOCKS = YES;
				GCC_OPTIMIZATION_LEVEL = 0;
				GCC_PREPROCESSOR_DEFINITIONS = (
					"DEBUG=1",
					"$(inherited)",
				);
				GCC_WARN_64_TO_32_BIT_CONVERSION = YES;
				GCC_WARN_ABOUT_RETURN_TYPE = YES_ERROR;
				GCC_WARN_UNDECLARED_SELECTOR = YES;
				GCC_WARN_UNINITIALIZED_AUTOS = YES_AGGRESSIVE;
				GCC_WARN_UNUSED_FUNCTION = YES;
				GCC_WARN_UNUSED_VARIABLE = YES;
				IPHONEOS_DEPLOYMENT_TARGET = 10.3;
				MTL_ENABLE_DEBUG_INFO = YES;
				ONLY_ACTIVE_ARCH = YES;
				SDKROOT = iphoneos;
				SWIFT_ACTIVE_COMPILATION_CONDITIONS = DEBUG;
				SWIFT_OPTIMIZATION_LEVEL = "-Onone";
				TARGETED_DEVICE_FAMILY = "1,2";
			};
			name = Debug;
		};
		FA66943B1F4102DB0090006F /* Release */ = {
			isa = XCBuildConfiguration;
			buildSettings = {
				ALWAYS_SEARCH_USER_PATHS = NO;
				CLANG_ANALYZER_NONNULL = YES;
				CLANG_ANALYZER_NUMBER_OBJECT_CONVERSION = YES_AGGRESSIVE;
				CLANG_CXX_LANGUAGE_STANDARD = "gnu++0x";
				CLANG_CXX_LIBRARY = "libc++";
				CLANG_ENABLE_MODULES = YES;
				CLANG_ENABLE_OBJC_ARC = YES;
				CLANG_WARN_BLOCK_CAPTURE_AUTORELEASING = YES;
				CLANG_WARN_BOOL_CONVERSION = YES;
				CLANG_WARN_COMMA = YES;
				CLANG_WARN_CONSTANT_CONVERSION = YES;
				CLANG_WARN_DIRECT_OBJC_ISA_USAGE = YES_ERROR;
				CLANG_WARN_DOCUMENTATION_COMMENTS = YES;
				CLANG_WARN_EMPTY_BODY = YES;
				CLANG_WARN_ENUM_CONVERSION = YES;
				CLANG_WARN_INFINITE_RECURSION = YES;
				CLANG_WARN_INT_CONVERSION = YES;
				CLANG_WARN_NON_LITERAL_NULL_CONVERSION = YES;
				CLANG_WARN_OBJC_LITERAL_CONVERSION = YES;
				CLANG_WARN_OBJC_ROOT_CLASS = YES_ERROR;
				CLANG_WARN_RANGE_LOOP_ANALYSIS = YES;
				CLANG_WARN_STRICT_PROTOTYPES = YES;
				CLANG_WARN_SUSPICIOUS_MOVE = YES;
				CLANG_WARN_UNREACHABLE_CODE = YES;
				CLANG_WARN__DUPLICATE_METHOD_MATCH = YES;
				"CODE_SIGN_IDENTITY[sdk=iphoneos*]" = "iPhone Developer";
				COPY_PHASE_STRIP = NO;
				DEBUG_INFORMATION_FORMAT = "dwarf-with-dsym";
				ENABLE_NS_ASSERTIONS = NO;
				ENABLE_STRICT_OBJC_MSGSEND = YES;
				GCC_C_LANGUAGE_STANDARD = gnu99;
				GCC_NO_COMMON_BLOCKS = YES;
				GCC_WARN_64_TO_32_BIT_CONVERSION = YES;
				GCC_WARN_ABOUT_RETURN_TYPE = YES_ERROR;
				GCC_WARN_UNDECLARED_SELECTOR = YES;
				GCC_WARN_UNINITIALIZED_AUTOS = YES_AGGRESSIVE;
				GCC_WARN_UNUSED_FUNCTION = YES;
				GCC_WARN_UNUSED_VARIABLE = YES;
				IPHONEOS_DEPLOYMENT_TARGET = 10.3;
				MTL_ENABLE_DEBUG_INFO = NO;
				SDKROOT = iphoneos;
				SWIFT_OPTIMIZATION_LEVEL = "-Owholemodule";
				TARGETED_DEVICE_FAMILY = "1,2";
				VALIDATE_PRODUCT = YES;
			};
			name = Release;
		};
		FA66943D1F4102DB0090006F /* Debug */ = {
			isa = XCBuildConfiguration;
			buildSettings = {
				ASSETCATALOG_COMPILER_APPICON_NAME = AppIcon;
				INFOPLIST_FILE = "$(SRCROOT)/Info.plist";
				LD_RUNPATH_SEARCH_PATHS = "$(inherited) @executable_path/Frameworks";
				PRODUCT_BUNDLE_IDENTIFIER = "{{cookiecutter.bundle_identifier}}.{{cookiecutter.project_name}}";
				PRODUCT_NAME = "$(TARGET_NAME)";
				SWIFT_VERSION = 3.0;
			};
			name = Debug;
		};
		FA66943E1F4102DB0090006F /* Release */ = {
			isa = XCBuildConfiguration;
			buildSettings = {
				ASSETCATALOG_COMPILER_APPICON_NAME = AppIcon;
				INFOPLIST_FILE = "$(SRCROOT)/Info.plist";
				LD_RUNPATH_SEARCH_PATHS = "$(inherited) @executable_path/Frameworks";
				PRODUCT_BUNDLE_IDENTIFIER = "{{cookiecutter.bundle_identifier}}.{{cookiecutter.project_name}}";
				PRODUCT_NAME = "$(TARGET_NAME)";
				SWIFT_VERSION = 3.0;
			};
			name = Release;
		};
		FA6694401F4102DB0090006F /* Debug */ = {
			isa = XCBuildConfiguration;
			buildSettings = {
				ALWAYS_EMBED_SWIFT_STANDARD_LIBRARIES = YES;
				BUNDLE_LOADER = "$(TEST_HOST)";
				INFOPLIST_FILE = Tests/Info.plist;
				LD_RUNPATH_SEARCH_PATHS = "$(inherited) @executable_path/Frameworks @loader_path/Frameworks";
				PRODUCT_BUNDLE_IDENTIFIER = "{{cookiecutter.bundle_identifier}}.{{cookiecutter.project_name}}";
				PRODUCT_NAME = "$(TARGET_NAME)";
				SWIFT_VERSION = 3.0;
				TEST_HOST = "$(BUILT_PRODUCTS_DIR)/{{cookiecutter.project_name}}.app/{{cookiecutter.project_name}}";
			};
			name = Debug;
		};
		FA6694411F4102DB0090006F /* Release */ = {
			isa = XCBuildConfiguration;
			buildSettings = {
				ALWAYS_EMBED_SWIFT_STANDARD_LIBRARIES = YES;
				BUNDLE_LOADER = "$(TEST_HOST)";
				INFOPLIST_FILE = Tests/Info.plist;
				LD_RUNPATH_SEARCH_PATHS = "$(inherited) @executable_path/Frameworks @loader_path/Frameworks";
				PRODUCT_BUNDLE_IDENTIFIER = "{{cookiecutter.bundle_identifier}}.{{cookiecutter.project_name}}";
				PRODUCT_NAME = "$(TARGET_NAME)";
				SWIFT_VERSION = 3.0;
				TEST_HOST = "$(BUILT_PRODUCTS_DIR)/{{cookiecutter.project_name}}.app/{{cookiecutter.project_name}}";
			};
			name = Release;
		};
		FA6694431F4102DB0090006F /* Debug */ = {
			isa = XCBuildConfiguration;
			buildSettings = {
				ALWAYS_EMBED_SWIFT_STANDARD_LIBRARIES = YES;
				INFOPLIST_FILE = UITests/Info.plist;
				LD_RUNPATH_SEARCH_PATHS = "$(inherited) @executable_path/Frameworks @loader_path/Frameworks";
				PRODUCT_BUNDLE_IDENTIFIER = "{{cookiecutter.bundle_identifier}}.{{cookiecutter.project_name}}";
				PRODUCT_NAME = "$(TARGET_NAME)";
				PROVISIONING_PROFILE = "";
				SWIFT_VERSION = 3.0;
				TEST_TARGET_NAME = "{{cookiecutter.project_name}}";
			};
			name = Debug;
		};
		FA6694441F4102DB0090006F /* Release */ = {
			isa = XCBuildConfiguration;
			buildSettings = {
				ALWAYS_EMBED_SWIFT_STANDARD_LIBRARIES = YES;
				INFOPLIST_FILE = UITests/Info.plist;
				LD_RUNPATH_SEARCH_PATHS = "$(inherited) @executable_path/Frameworks @loader_path/Frameworks";
				PRODUCT_BUNDLE_IDENTIFIER = "{{cookiecutter.bundle_identifier}}.{{cookiecutter.project_name}}";
				PRODUCT_NAME = "$(TARGET_NAME)";
				PROVISIONING_PROFILE = "";
				SWIFT_VERSION = 3.0;
				TEST_TARGET_NAME = "{{cookiecutter.project_name}}";
			};
			name = Release;
		};
		FAC959CE1F93EA2A00059D2B /* Beta */ = {
			isa = XCBuildConfiguration;
			buildSettings = {
				ALWAYS_SEARCH_USER_PATHS = NO;
				CLANG_ANALYZER_NONNULL = YES;
				CLANG_ANALYZER_NUMBER_OBJECT_CONVERSION = YES_AGGRESSIVE;
				CLANG_CXX_LANGUAGE_STANDARD = "gnu++0x";
				CLANG_CXX_LIBRARY = "libc++";
				CLANG_ENABLE_MODULES = YES;
				CLANG_ENABLE_OBJC_ARC = YES;
				CLANG_WARN_BLOCK_CAPTURE_AUTORELEASING = YES;
				CLANG_WARN_BOOL_CONVERSION = YES;
				CLANG_WARN_COMMA = YES;
				CLANG_WARN_CONSTANT_CONVERSION = YES;
				CLANG_WARN_DIRECT_OBJC_ISA_USAGE = YES_ERROR;
				CLANG_WARN_DOCUMENTATION_COMMENTS = YES;
				CLANG_WARN_EMPTY_BODY = YES;
				CLANG_WARN_ENUM_CONVERSION = YES;
				CLANG_WARN_INFINITE_RECURSION = YES;
				CLANG_WARN_INT_CONVERSION = YES;
				CLANG_WARN_NON_LITERAL_NULL_CONVERSION = YES;
				CLANG_WARN_OBJC_LITERAL_CONVERSION = YES;
				CLANG_WARN_OBJC_ROOT_CLASS = YES_ERROR;
				CLANG_WARN_RANGE_LOOP_ANALYSIS = YES;
				CLANG_WARN_STRICT_PROTOTYPES = YES;
				CLANG_WARN_SUSPICIOUS_MOVE = YES;
				CLANG_WARN_UNREACHABLE_CODE = YES;
				CLANG_WARN__DUPLICATE_METHOD_MATCH = YES;
				"CODE_SIGN_IDENTITY[sdk=iphoneos*]" = "iPhone Developer";
				COPY_PHASE_STRIP = NO;
				DEBUG_INFORMATION_FORMAT = "dwarf-with-dsym";
				ENABLE_NS_ASSERTIONS = NO;
				ENABLE_STRICT_OBJC_MSGSEND = YES;
				GCC_C_LANGUAGE_STANDARD = gnu99;
				GCC_NO_COMMON_BLOCKS = YES;
				GCC_WARN_64_TO_32_BIT_CONVERSION = YES;
				GCC_WARN_ABOUT_RETURN_TYPE = YES_ERROR;
				GCC_WARN_UNDECLARED_SELECTOR = YES;
				GCC_WARN_UNINITIALIZED_AUTOS = YES_AGGRESSIVE;
				GCC_WARN_UNUSED_FUNCTION = YES;
				GCC_WARN_UNUSED_VARIABLE = YES;
				IPHONEOS_DEPLOYMENT_TARGET = 10.3;
				MTL_ENABLE_DEBUG_INFO = NO;
				SDKROOT = iphoneos;
				SWIFT_OPTIMIZATION_LEVEL = "-Owholemodule";
				TARGETED_DEVICE_FAMILY = "1,2";
				VALIDATE_PRODUCT = YES;
			};
			name = Beta;
		};
		FAC959CF1F93EA2A00059D2B /* Beta */ = {
			isa = XCBuildConfiguration;
			buildSettings = {
				ASSETCATALOG_COMPILER_APPICON_NAME = AppIcon;
				INFOPLIST_FILE = "$(SRCROOT)/Info.plist";
				LD_RUNPATH_SEARCH_PATHS = "$(inherited) @executable_path/Frameworks";
				PRODUCT_BUNDLE_IDENTIFIER = "{{cookiecutter.bundle_identifier}}.{{cookiecutter.project_name}}";
				PRODUCT_NAME = "$(TARGET_NAME)";
				SWIFT_VERSION = 3.0;
			};
			name = Beta;
		};
		FAC959D01F93EA2A00059D2B /* Beta */ = {
			isa = XCBuildConfiguration;
			buildSettings = {
				ALWAYS_EMBED_SWIFT_STANDARD_LIBRARIES = YES;
				BUNDLE_LOADER = "$(TEST_HOST)";
				INFOPLIST_FILE = Tests/Info.plist;
				LD_RUNPATH_SEARCH_PATHS = "$(inherited) @executable_path/Frameworks @loader_path/Frameworks";
				PRODUCT_BUNDLE_IDENTIFIER = "{{cookiecutter.bundle_identifier}}.{{cookiecutter.project_name}}";
				PRODUCT_NAME = "$(TARGET_NAME)";
				SWIFT_VERSION = 3.0;
				TEST_HOST = "$(BUILT_PRODUCTS_DIR)/{{cookiecutter.project_name}}.app/{{cookiecutter.project_name}}";
			};
			name = Beta;
		};
		FAC959D11F93EA2A00059D2B /* Beta */ = {
			isa = XCBuildConfiguration;
			buildSettings = {
				ALWAYS_EMBED_SWIFT_STANDARD_LIBRARIES = YES;
				INFOPLIST_FILE = UITests/Info.plist;
				LD_RUNPATH_SEARCH_PATHS = "$(inherited) @executable_path/Frameworks @loader_path/Frameworks";
				PRODUCT_BUNDLE_IDENTIFIER = "{{cookiecutter.bundle_identifier}}.{{cookiecutter.project_name}}";
				PRODUCT_NAME = "$(TARGET_NAME)";
				PROVISIONING_PROFILE = "";
				SWIFT_VERSION = 3.0;
				TEST_TARGET_NAME = "{{cookiecutter.project_name}}";
			};
			name = Beta;
		};
/* End XCBuildConfiguration section */

/* Begin XCConfigurationList section */
		FA66940F1F4102DB0090006F /* Build configuration list for PBXProject "{{cookiecutter.project_name}}" */ = {
			isa = XCConfigurationList;
			buildConfigurations = (
				FA66943A1F4102DB0090006F /* Debug */,
				FA66943B1F4102DB0090006F /* Release */,
				FAC959CE1F93EA2A00059D2B /* Beta */,
			);
			defaultConfigurationIsVisible = 0;
			defaultConfigurationName = Release;
		};
		FA66943C1F4102DB0090006F /* Build configuration list for PBXNativeTarget "{{cookiecutter.project_name}}" */ = {
			isa = XCConfigurationList;
			buildConfigurations = (
				FA66943D1F4102DB0090006F /* Debug */,
				FA66943E1F4102DB0090006F /* Release */,
				FAC959CF1F93EA2A00059D2B /* Beta */,
			);
			defaultConfigurationIsVisible = 0;
			defaultConfigurationName = Release;
		};
		FA66943F1F4102DB0090006F /* Build configuration list for PBXNativeTarget "{{cookiecutter.project_name}}Tests" */ = {
			isa = XCConfigurationList;
			buildConfigurations = (
				FA6694401F4102DB0090006F /* Debug */,
				FA6694411F4102DB0090006F /* Release */,
				FAC959D01F93EA2A00059D2B /* Beta */,
			);
			defaultConfigurationIsVisible = 0;
			defaultConfigurationName = Release;
		};
		FA6694421F4102DB0090006F /* Build configuration list for PBXNativeTarget "{{cookiecutter.project_name}}UITests" */ = {
			isa = XCConfigurationList;
			buildConfigurations = (
				FA6694431F4102DB0090006F /* Debug */,
				FA6694441F4102DB0090006F /* Release */,
				FAC959D11F93EA2A00059D2B /* Beta */,
			);
			defaultConfigurationIsVisible = 0;
			defaultConfigurationName = Release;
		};
/* End XCConfigurationList section */
	};
	rootObject = FA66940C1F4102DB0090006F /* Project object */;
}
